// !$*UTF8*$!
{
	archiveVersion = 1;
	classes = {
	};
	objectVersion = 56;
	objects = {

/* Begin PBXBuildFile section */
		2F11832D2CAB0F6100814BD6 /* ProfilePageView.swift in Sources */ = {isa = PBXBuildFile; fileRef = 2F11832C2CAB0F6100814BD6 /* ProfilePageView.swift */; };
		2F11832F2CAB0F7100814BD6 /* CalendarView.swift in Sources */ = {isa = PBXBuildFile; fileRef = 2F11832E2CAB0F7100814BD6 /* CalendarView.swift */; };
		2F72B1FC2CA42904007AE805 /* HomeView.swift in Sources */ = {isa = PBXBuildFile; fileRef = 2F72B1FB2CA42903007AE805 /* HomeView.swift */; };
		2F72B1FE2CA43707007AE805 /* User.swift in Sources */ = {isa = PBXBuildFile; fileRef = 2F72B1FD2CA43707007AE805 /* User.swift */; };
		2F72B2012CA592D3007AE805 /* FirebaseAuth in Frameworks */ = {isa = PBXBuildFile; productRef = 2F72B2002CA592D3007AE805 /* FirebaseAuth */; };
		2F72B2032CA592D3007AE805 /* FirebaseDatabase in Frameworks */ = {isa = PBXBuildFile; productRef = 2F72B2022CA592D3007AE805 /* FirebaseDatabase */; };
		2F72B2052CA592D3007AE805 /* FirebaseFirestore in Frameworks */ = {isa = PBXBuildFile; productRef = 2F72B2042CA592D3007AE805 /* FirebaseFirestore */; };
		2F72B2072CA592D3007AE805 /* FirebaseStorage in Frameworks */ = {isa = PBXBuildFile; productRef = 2F72B2062CA592D3007AE805 /* FirebaseStorage */; };
		2F72B20C2CA59681007AE805 /* GoogleSignIn in Frameworks */ = {isa = PBXBuildFile; productRef = 2F72B20B2CA59681007AE805 /* GoogleSignIn */; };
		2F72B20E2CA59681007AE805 /* GoogleSignInSwift in Frameworks */ = {isa = PBXBuildFile; productRef = 2F72B20D2CA59681007AE805 /* GoogleSignInSwift */; };
		2F72B2102CA596F5007AE805 /* GoogleService-Info.plist in Resources */ = {isa = PBXBuildFile; fileRef = 2F72B20F2CA596F5007AE805 /* GoogleService-Info.plist */; };
		2FE026EF2C9C62AB008E0AEF /* diaryAppApp.swift in Sources */ = {isa = PBXBuildFile; fileRef = 2FE026EE2C9C62AB008E0AEF /* diaryAppApp.swift */; };
		2FE026F12C9C62AB008E0AEF /* ContentView.swift in Sources */ = {isa = PBXBuildFile; fileRef = 2FE026F02C9C62AB008E0AEF /* ContentView.swift */; };
		2FE026F32C9C62AC008E0AEF /* Assets.xcassets in Resources */ = {isa = PBXBuildFile; fileRef = 2FE026F22C9C62AC008E0AEF /* Assets.xcassets */; };
		2FE026F62C9C62AC008E0AEF /* Preview Assets.xcassets in Resources */ = {isa = PBXBuildFile; fileRef = 2FE026F52C9C62AC008E0AEF /* Preview Assets.xcassets */; };
		2FE026FF2C9C6883008E0AEF /* Data.swift in Sources */ = {isa = PBXBuildFile; fileRef = 2FE026FE2C9C6883008E0AEF /* Data.swift */; };
		2FE027022C9C698E008E0AEF /* OAuthSwift in Frameworks */ = {isa = PBXBuildFile; productRef = 2FE027012C9C698E008E0AEF /* OAuthSwift */; };
		2FE027052CA2CB83008E0AEF /* SafariServices.framework in Frameworks */ = {isa = PBXBuildFile; fileRef = 2FE027042CA2CB83008E0AEF /* SafariServices.framework */; };
		2FE027082CA2CC4B008E0AEF /* LoginView.swift in Sources */ = {isa = PBXBuildFile; fileRef = 2FE027072CA2CC4B008E0AEF /* LoginView.swift */; };
/* End PBXBuildFile section */

/* Begin PBXFileReference section */
		2F11832C2CAB0F6100814BD6 /* ProfilePageView.swift */ = {isa = PBXFileReference; lastKnownFileType = sourcecode.swift; path = ProfilePageView.swift; sourceTree = "<group>"; };
		2F11832E2CAB0F7100814BD6 /* CalendarView.swift */ = {isa = PBXFileReference; lastKnownFileType = sourcecode.swift; path = CalendarView.swift; sourceTree = "<group>"; };
		2F72B1FB2CA42903007AE805 /* HomeView.swift */ = {isa = PBXFileReference; lastKnownFileType = sourcecode.swift; path = HomeView.swift; sourceTree = "<group>"; };
		2F72B1FD2CA43707007AE805 /* User.swift */ = {isa = PBXFileReference; lastKnownFileType = sourcecode.swift; path = User.swift; sourceTree = "<group>"; };
		2F72B20F2CA596F5007AE805 /* GoogleService-Info.plist */ = {isa = PBXFileReference; fileEncoding = 4; lastKnownFileType = text.plist.xml; path = "GoogleService-Info.plist"; sourceTree = "<group>"; };
		2FE026EB2C9C62AB008E0AEF /* diaryApp.app */ = {isa = PBXFileReference; explicitFileType = wrapper.application; includeInIndex = 0; path = diaryApp.app; sourceTree = BUILT_PRODUCTS_DIR; };
		2FE026EE2C9C62AB008E0AEF /* diaryAppApp.swift */ = {isa = PBXFileReference; lastKnownFileType = sourcecode.swift; path = diaryAppApp.swift; sourceTree = "<group>"; };
		2FE026F02C9C62AB008E0AEF /* ContentView.swift */ = {isa = PBXFileReference; lastKnownFileType = sourcecode.swift; path = ContentView.swift; sourceTree = "<group>"; };
		2FE026F22C9C62AC008E0AEF /* Assets.xcassets */ = {isa = PBXFileReference; lastKnownFileType = folder.assetcatalog; path = Assets.xcassets; sourceTree = "<group>"; };
		2FE026F52C9C62AC008E0AEF /* Preview Assets.xcassets */ = {isa = PBXFileReference; lastKnownFileType = folder.assetcatalog; path = "Preview Assets.xcassets"; sourceTree = "<group>"; };
		2FE026FC2C9C62C5008E0AEF /* Info.plist */ = {isa = PBXFileReference; lastKnownFileType = text.plist; path = Info.plist; sourceTree = "<group>"; };
		2FE026FE2C9C6883008E0AEF /* Data.swift */ = {isa = PBXFileReference; lastKnownFileType = sourcecode.swift; path = Data.swift; sourceTree = "<group>"; };
		2FE027042CA2CB83008E0AEF /* SafariServices.framework */ = {isa = PBXFileReference; lastKnownFileType = wrapper.framework; name = SafariServices.framework; path = System/Library/Frameworks/SafariServices.framework; sourceTree = SDKROOT; };
		2FE027072CA2CC4B008E0AEF /* LoginView.swift */ = {isa = PBXFileReference; lastKnownFileType = sourcecode.swift; path = LoginView.swift; sourceTree = "<group>"; };
/* End PBXFileReference section */

/* Begin PBXFrameworksBuildPhase section */
		2FE026E82C9C62AB008E0AEF /* Frameworks */ = {
			isa = PBXFrameworksBuildPhase;
			buildActionMask = 2147483647;
			files = (
				2FE027052CA2CB83008E0AEF /* SafariServices.framework in Frameworks */,
				2F72B2012CA592D3007AE805 /* FirebaseAuth in Frameworks */,
				2F72B2032CA592D3007AE805 /* FirebaseDatabase in Frameworks */,
				2F72B20E2CA59681007AE805 /* GoogleSignInSwift in Frameworks */,
				2F72B2052CA592D3007AE805 /* FirebaseFirestore in Frameworks */,
				2FE027022C9C698E008E0AEF /* OAuthSwift in Frameworks */,
				2F72B2072CA592D3007AE805 /* FirebaseStorage in Frameworks */,
				2F72B20C2CA59681007AE805 /* GoogleSignIn in Frameworks */,
			);
			runOnlyForDeploymentPostprocessing = 0;
		};
/* End PBXFrameworksBuildPhase section */

/* Begin PBXGroup section */
		2FE026E22C9C62AB008E0AEF = {
			isa = PBXGroup;
			children = (
				2FE026ED2C9C62AB008E0AEF /* diaryApp */,
				2FE026EC2C9C62AB008E0AEF /* Products */,
				2FE027032CA2CB82008E0AEF /* Frameworks */,
			);
			sourceTree = "<group>";
		};
		2FE026EC2C9C62AB008E0AEF /* Products */ = {
			isa = PBXGroup;
			children = (
				2FE026EB2C9C62AB008E0AEF /* diaryApp.app */,
			);
			name = Products;
			sourceTree = "<group>";
		};
		2FE026ED2C9C62AB008E0AEF /* diaryApp */ = {
			isa = PBXGroup;
			children = (
				2FE027062CA2CBB6008E0AEF /* Views */,
				2FE026FD2C9C685A008E0AEF /* Utils */,
				2FE026FC2C9C62C5008E0AEF /* Info.plist */,
				2F72B20F2CA596F5007AE805 /* GoogleService-Info.plist */,
				2FE026EE2C9C62AB008E0AEF /* diaryAppApp.swift */,
				2FE026F02C9C62AB008E0AEF /* ContentView.swift */,
				2FE026F22C9C62AC008E0AEF /* Assets.xcassets */,
				2FE026F42C9C62AC008E0AEF /* Preview Content */,
			);
			path = diaryApp;
			sourceTree = "<group>";
		};
		2FE026F42C9C62AC008E0AEF /* Preview Content */ = {
			isa = PBXGroup;
			children = (
				2FE026F52C9C62AC008E0AEF /* Preview Assets.xcassets */,
			);
			path = "Preview Content";
			sourceTree = "<group>";
		};
		2FE026FD2C9C685A008E0AEF /* Utils */ = {
			isa = PBXGroup;
			children = (
				2FE026FE2C9C6883008E0AEF /* Data.swift */,
				2F72B1FD2CA43707007AE805 /* User.swift */,
			);
			path = Utils;
			sourceTree = "<group>";
		};
		2FE027032CA2CB82008E0AEF /* Frameworks */ = {
			isa = PBXGroup;
			children = (
				2FE027042CA2CB83008E0AEF /* SafariServices.framework */,
			);
			name = Frameworks;
			sourceTree = "<group>";
		};
		2FE027062CA2CBB6008E0AEF /* Views */ = {
			isa = PBXGroup;
			children = (
				2FE027072CA2CC4B008E0AEF /* LoginView.swift */,
				2F72B1FB2CA42903007AE805 /* HomeView.swift */,
				2F11832C2CAB0F6100814BD6 /* ProfilePageView.swift */,
				2F11832E2CAB0F7100814BD6 /* CalendarView.swift */,
			);
			path = Views;
			sourceTree = "<group>";
		};
/* End PBXGroup section */

/* Begin PBXNativeTarget section */
		2FE026EA2C9C62AB008E0AEF /* diaryApp */ = {
			isa = PBXNativeTarget;
			buildConfigurationList = 2FE026F92C9C62AC008E0AEF /* Build configuration list for PBXNativeTarget "diaryApp" */;
			buildPhases = (
				2FE026E72C9C62AB008E0AEF /* Sources */,
				2FE026E82C9C62AB008E0AEF /* Frameworks */,
				2FE026E92C9C62AB008E0AEF /* Resources */,
			);
			buildRules = (
			);
			dependencies = (
			);
			name = diaryApp;
			packageProductDependencies = (
				2FE027012C9C698E008E0AEF /* OAuthSwift */,
				2F72B2002CA592D3007AE805 /* FirebaseAuth */,
				2F72B2022CA592D3007AE805 /* FirebaseDatabase */,
				2F72B2042CA592D3007AE805 /* FirebaseFirestore */,
				2F72B2062CA592D3007AE805 /* FirebaseStorage */,
				2F72B20B2CA59681007AE805 /* GoogleSignIn */,
				2F72B20D2CA59681007AE805 /* GoogleSignInSwift */,
			);
			productName = diaryApp;
			productReference = 2FE026EB2C9C62AB008E0AEF /* diaryApp.app */;
			productType = "com.apple.product-type.application";
		};
/* End PBXNativeTarget section */

/* Begin PBXProject section */
		2FE026E32C9C62AB008E0AEF /* Project object */ = {
			isa = PBXProject;
			attributes = {
				BuildIndependentTargetsInParallel = 1;
				LastSwiftUpdateCheck = 1540;
				LastUpgradeCheck = 1540;
				TargetAttributes = {
					2FE026EA2C9C62AB008E0AEF = {
						CreatedOnToolsVersion = 15.4;
					};
				};
			};
			buildConfigurationList = 2FE026E62C9C62AB008E0AEF /* Build configuration list for PBXProject "diaryApp" */;
			compatibilityVersion = "Xcode 14.0";
			developmentRegion = en;
			hasScannedForEncodings = 0;
			knownRegions = (
				en,
				Base,
			);
			mainGroup = 2FE026E22C9C62AB008E0AEF;
			packageReferences = (
				2FE027002C9C698E008E0AEF /* XCRemoteSwiftPackageReference "OAuthSwift" */,
				2F72B1FF2CA592D3007AE805 /* XCRemoteSwiftPackageReference "firebase-ios-sdk" */,
				2F72B20A2CA59681007AE805 /* XCRemoteSwiftPackageReference "GoogleSignIn-iOS" */,
			);
			productRefGroup = 2FE026EC2C9C62AB008E0AEF /* Products */;
			projectDirPath = "";
			projectRoot = "";
			targets = (
				2FE026EA2C9C62AB008E0AEF /* diaryApp */,
			);
		};
/* End PBXProject section */

/* Begin PBXResourcesBuildPhase section */
		2FE026E92C9C62AB008E0AEF /* Resources */ = {
			isa = PBXResourcesBuildPhase;
			buildActionMask = 2147483647;
			files = (
				2FE026F62C9C62AC008E0AEF /* Preview Assets.xcassets in Resources */,
				2FE026F32C9C62AC008E0AEF /* Assets.xcassets in Resources */,
				2F72B2102CA596F5007AE805 /* GoogleService-Info.plist in Resources */,
			);
			runOnlyForDeploymentPostprocessing = 0;
		};
/* End PBXResourcesBuildPhase section */

/* Begin PBXSourcesBuildPhase section */
		2FE026E72C9C62AB008E0AEF /* Sources */ = {
			isa = PBXSourcesBuildPhase;
			buildActionMask = 2147483647;
			files = (
				2FE026F12C9C62AB008E0AEF /* ContentView.swift in Sources */,
				2FE026EF2C9C62AB008E0AEF /* diaryAppApp.swift in Sources */,
				2F11832F2CAB0F7100814BD6 /* CalendarView.swift in Sources */,
				2FE027082CA2CC4B008E0AEF /* LoginView.swift in Sources */,
				2F72B1FC2CA42904007AE805 /* HomeView.swift in Sources */,
				2FE026FF2C9C6883008E0AEF /* Data.swift in Sources */,
				2F72B1FE2CA43707007AE805 /* User.swift in Sources */,
				2F11832D2CAB0F6100814BD6 /* ProfilePageView.swift in Sources */,
			);
			runOnlyForDeploymentPostprocessing = 0;
		};
/* End PBXSourcesBuildPhase section */

/* Begin XCBuildConfiguration section */
		2FE026F72C9C62AC008E0AEF /* Debug */ = {
			isa = XCBuildConfiguration;
			buildSettings = {
				ALWAYS_SEARCH_USER_PATHS = NO;
				ASSETCATALOG_COMPILER_GENERATE_SWIFT_ASSET_SYMBOL_EXTENSIONS = YES;
				CLANG_ANALYZER_NONNULL = YES;
				CLANG_ANALYZER_NUMBER_OBJECT_CONVERSION = YES_AGGRESSIVE;
				CLANG_CXX_LANGUAGE_STANDARD = "gnu++20";
				CLANG_ENABLE_MODULES = YES;
				CLANG_ENABLE_OBJC_ARC = YES;
				CLANG_ENABLE_OBJC_WEAK = YES;
				CLANG_WARN_BLOCK_CAPTURE_AUTORELEASING = YES;
				CLANG_WARN_BOOL_CONVERSION = YES;
				CLANG_WARN_COMMA = YES;
				CLANG_WARN_CONSTANT_CONVERSION = YES;
				CLANG_WARN_DEPRECATED_OBJC_IMPLEMENTATIONS = YES;
				CLANG_WARN_DIRECT_OBJC_ISA_USAGE = YES_ERROR;
				CLANG_WARN_DOCUMENTATION_COMMENTS = YES;
				CLANG_WARN_EMPTY_BODY = YES;
				CLANG_WARN_ENUM_CONVERSION = YES;
				CLANG_WARN_INFINITE_RECURSION = YES;
				CLANG_WARN_INT_CONVERSION = YES;
				CLANG_WARN_NON_LITERAL_NULL_CONVERSION = YES;
				CLANG_WARN_OBJC_IMPLICIT_RETAIN_SELF = YES;
				CLANG_WARN_OBJC_LITERAL_CONVERSION = YES;
				CLANG_WARN_OBJC_ROOT_CLASS = YES_ERROR;
				CLANG_WARN_QUOTED_INCLUDE_IN_FRAMEWORK_HEADER = YES;
				CLANG_WARN_RANGE_LOOP_ANALYSIS = YES;
				CLANG_WARN_STRICT_PROTOTYPES = YES;
				CLANG_WARN_SUSPICIOUS_MOVE = YES;
				CLANG_WARN_UNGUARDED_AVAILABILITY = YES_AGGRESSIVE;
				CLANG_WARN_UNREACHABLE_CODE = YES;
				CLANG_WARN__DUPLICATE_METHOD_MATCH = YES;
				COPY_PHASE_STRIP = NO;
				DEBUG_INFORMATION_FORMAT = dwarf;
				ENABLE_STRICT_OBJC_MSGSEND = YES;
				ENABLE_TESTABILITY = YES;
				ENABLE_USER_SCRIPT_SANDBOXING = YES;
				GCC_C_LANGUAGE_STANDARD = gnu17;
				GCC_DYNAMIC_NO_PIC = NO;
				GCC_NO_COMMON_BLOCKS = YES;
				GCC_OPTIMIZATION_LEVEL = 0;
				GCC_PREPROCESSOR_DEFINITIONS = (
					"DEBUG=1",
					"$(inherited)",
				);
				GCC_WARN_64_TO_32_BIT_CONVERSION = YES;
				GCC_WARN_ABOUT_RETURN_TYPE = YES_ERROR;
				GCC_WARN_UNDECLARED_SELECTOR = YES;
				GCC_WARN_UNINITIALIZED_AUTOS = YES_AGGRESSIVE;
				GCC_WARN_UNUSED_FUNCTION = YES;
				GCC_WARN_UNUSED_VARIABLE = YES;
				IPHONEOS_DEPLOYMENT_TARGET = 17.5;
				LOCALIZATION_PREFERS_STRING_CATALOGS = YES;
				MTL_ENABLE_DEBUG_INFO = INCLUDE_SOURCE;
				MTL_FAST_MATH = YES;
				ONLY_ACTIVE_ARCH = YES;
				SDKROOT = iphoneos;
				SWIFT_ACTIVE_COMPILATION_CONDITIONS = "DEBUG $(inherited)";
				SWIFT_OPTIMIZATION_LEVEL = "-Onone";
			};
			name = Debug;
		};
		2FE026F82C9C62AC008E0AEF /* Release */ = {
			isa = XCBuildConfiguration;
			buildSettings = {
				ALWAYS_SEARCH_USER_PATHS = NO;
				ASSETCATALOG_COMPILER_GENERATE_SWIFT_ASSET_SYMBOL_EXTENSIONS = YES;
				CLANG_ANALYZER_NONNULL = YES;
				CLANG_ANALYZER_NUMBER_OBJECT_CONVERSION = YES_AGGRESSIVE;
				CLANG_CXX_LANGUAGE_STANDARD = "gnu++20";
				CLANG_ENABLE_MODULES = YES;
				CLANG_ENABLE_OBJC_ARC = YES;
				CLANG_ENABLE_OBJC_WEAK = YES;
				CLANG_WARN_BLOCK_CAPTURE_AUTORELEASING = YES;
				CLANG_WARN_BOOL_CONVERSION = YES;
				CLANG_WARN_COMMA = YES;
				CLANG_WARN_CONSTANT_CONVERSION = YES;
				CLANG_WARN_DEPRECATED_OBJC_IMPLEMENTATIONS = YES;
				CLANG_WARN_DIRECT_OBJC_ISA_USAGE = YES_ERROR;
				CLANG_WARN_DOCUMENTATION_COMMENTS = YES;
				CLANG_WARN_EMPTY_BODY = YES;
				CLANG_WARN_ENUM_CONVERSION = YES;
				CLANG_WARN_INFINITE_RECURSION = YES;
				CLANG_WARN_INT_CONVERSION = YES;
				CLANG_WARN_NON_LITERAL_NULL_CONVERSION = YES;
				CLANG_WARN_OBJC_IMPLICIT_RETAIN_SELF = YES;
				CLANG_WARN_OBJC_LITERAL_CONVERSION = YES;
				CLANG_WARN_OBJC_ROOT_CLASS = YES_ERROR;
				CLANG_WARN_QUOTED_INCLUDE_IN_FRAMEWORK_HEADER = YES;
				CLANG_WARN_RANGE_LOOP_ANALYSIS = YES;
				CLANG_WARN_STRICT_PROTOTYPES = YES;
				CLANG_WARN_SUSPICIOUS_MOVE = YES;
				CLANG_WARN_UNGUARDED_AVAILABILITY = YES_AGGRESSIVE;
				CLANG_WARN_UNREACHABLE_CODE = YES;
				CLANG_WARN__DUPLICATE_METHOD_MATCH = YES;
				COPY_PHASE_STRIP = NO;
				DEBUG_INFORMATION_FORMAT = "dwarf-with-dsym";
				ENABLE_NS_ASSERTIONS = NO;
				ENABLE_STRICT_OBJC_MSGSEND = YES;
				ENABLE_USER_SCRIPT_SANDBOXING = YES;
				GCC_C_LANGUAGE_STANDARD = gnu17;
				GCC_NO_COMMON_BLOCKS = YES;
				GCC_WARN_64_TO_32_BIT_CONVERSION = YES;
				GCC_WARN_ABOUT_RETURN_TYPE = YES_ERROR;
				GCC_WARN_UNDECLARED_SELECTOR = YES;
				GCC_WARN_UNINITIALIZED_AUTOS = YES_AGGRESSIVE;
				GCC_WARN_UNUSED_FUNCTION = YES;
				GCC_WARN_UNUSED_VARIABLE = YES;
				IPHONEOS_DEPLOYMENT_TARGET = 17.5;
				LOCALIZATION_PREFERS_STRING_CATALOGS = YES;
				MTL_ENABLE_DEBUG_INFO = NO;
				MTL_FAST_MATH = YES;
				SDKROOT = iphoneos;
				SWIFT_COMPILATION_MODE = wholemodule;
				VALIDATE_PRODUCT = YES;
			};
			name = Release;
		};
		2FE026FA2C9C62AC008E0AEF /* Debug */ = {
			isa = XCBuildConfiguration;
			buildSettings = {
				ASSETCATALOG_COMPILER_APPICON_NAME = AppIcon;
				ASSETCATALOG_COMPILER_GLOBAL_ACCENT_COLOR_NAME = AccentColor;
				ASSETCATALOG_COMPILER_INCLUDE_ALL_APPICON_ASSETS = YES;
				CODE_SIGN_STYLE = Automatic;
				CURRENT_PROJECT_VERSION = 1;
				DEVELOPMENT_ASSET_PATHS = "\"diaryApp/Preview Content\"";
				ENABLE_PREVIEWS = YES;
				GENERATE_INFOPLIST_FILE = YES;
				INFOPLIST_FILE = diaryApp/Info.plist;
				INFOPLIST_KEY_UIApplicationSceneManifest_Generation = YES;
				INFOPLIST_KEY_UIApplicationSupportsIndirectInputEvents = YES;
				INFOPLIST_KEY_UILaunchScreen_Generation = YES;
				INFOPLIST_KEY_UISupportedInterfaceOrientations_iPad = "UIInterfaceOrientationPortrait UIInterfaceOrientationPortraitUpsideDown UIInterfaceOrientationLandscapeLeft UIInterfaceOrientationLandscapeRight";
				INFOPLIST_KEY_UISupportedInterfaceOrientations_iPhone = "UIInterfaceOrientationPortrait UIInterfaceOrientationLandscapeLeft UIInterfaceOrientationLandscapeRight";
				LD_RUNPATH_SEARCH_PATHS = (
					"$(inherited)",
					"@executable_path/Frameworks",
				);
				MARKETING_VERSION = 1.0;
				PRODUCT_BUNDLE_IDENTIFIER = com.diaryApp;
				PRODUCT_NAME = "$(TARGET_NAME)";
				SWIFT_EMIT_LOC_STRINGS = YES;
				SWIFT_VERSION = 5.0;
				TARGETED_DEVICE_FAMILY = "1,2";
			};
			name = Debug;
		};
		2FE026FB2C9C62AC008E0AEF /* Release */ = {
			isa = XCBuildConfiguration;
			buildSettings = {
				ASSETCATALOG_COMPILER_APPICON_NAME = AppIcon;
				ASSETCATALOG_COMPILER_GLOBAL_ACCENT_COLOR_NAME = AccentColor;
				ASSETCATALOG_COMPILER_INCLUDE_ALL_APPICON_ASSETS = YES;
				CODE_SIGN_STYLE = Automatic;
				CURRENT_PROJECT_VERSION = 1;
				DEVELOPMENT_ASSET_PATHS = "\"diaryApp/Preview Content\"";
				ENABLE_PREVIEWS = YES;
				GENERATE_INFOPLIST_FILE = YES;
				INFOPLIST_FILE = diaryApp/Info.plist;
				INFOPLIST_KEY_UIApplicationSceneManifest_Generation = YES;
				INFOPLIST_KEY_UIApplicationSupportsIndirectInputEvents = YES;
				INFOPLIST_KEY_UILaunchScreen_Generation = YES;
				INFOPLIST_KEY_UISupportedInterfaceOrientations_iPad = "UIInterfaceOrientationPortrait UIInterfaceOrientationPortraitUpsideDown UIInterfaceOrientationLandscapeLeft UIInterfaceOrientationLandscapeRight";
				INFOPLIST_KEY_UISupportedInterfaceOrientations_iPhone = "UIInterfaceOrientationPortrait UIInterfaceOrientationLandscapeLeft UIInterfaceOrientationLandscapeRight";
				LD_RUNPATH_SEARCH_PATHS = (
					"$(inherited)",
					"@executable_path/Frameworks",
				);
				MARKETING_VERSION = 1.0;
				PRODUCT_BUNDLE_IDENTIFIER = com.diaryApp;
				PRODUCT_NAME = "$(TARGET_NAME)";
				SWIFT_EMIT_LOC_STRINGS = YES;
				SWIFT_VERSION = 5.0;
				TARGETED_DEVICE_FAMILY = "1,2";
			};
			name = Release;
		};
/* End XCBuildConfiguration section */

/* Begin XCConfigurationList section */
		2FE026E62C9C62AB008E0AEF /* Build configuration list for PBXProject "diaryApp" */ = {
			isa = XCConfigurationList;
			buildConfigurations = (
				2FE026F72C9C62AC008E0AEF /* Debug */,
				2FE026F82C9C62AC008E0AEF /* Release */,
			);
			defaultConfigurationIsVisible = 0;
			defaultConfigurationName = Release;
		};
		2FE026F92C9C62AC008E0AEF /* Build configuration list for PBXNativeTarget "diaryApp" */ = {
			isa = XCConfigurationList;
			buildConfigurations = (
				2FE026FA2C9C62AC008E0AEF /* Debug */,
				2FE026FB2C9C62AC008E0AEF /* Release */,
			);
			defaultConfigurationIsVisible = 0;
			defaultConfigurationName = Release;
		};
/* End XCConfigurationList section */

/* Begin XCRemoteSwiftPackageReference section */
		2F72B1FF2CA592D3007AE805 /* XCRemoteSwiftPackageReference "firebase-ios-sdk" */ = {
			isa = XCRemoteSwiftPackageReference;
			repositoryURL = "https://github.com/firebase/firebase-ios-sdk";
			requirement = {
				kind = upToNextMajorVersion;
				minimumVersion = 11.2.0;
			};
		};
		2F72B20A2CA59681007AE805 /* XCRemoteSwiftPackageReference "GoogleSignIn-iOS" */ = {
			isa = XCRemoteSwiftPackageReference;
			repositoryURL = "https://github.com/google/GoogleSignIn-iOS";
			requirement = {
				kind = upToNextMajorVersion;
				minimumVersion = 8.0.0;
			};
		};
		2FE027002C9C698E008E0AEF /* XCRemoteSwiftPackageReference "OAuthSwift" */ = {
			isa = XCRemoteSwiftPackageReference;
			repositoryURL = "https://github.com/OAuthSwift/OAuthSwift.git";
			requirement = {
				kind = upToNextMajorVersion;
				minimumVersion = 2.2.0;
			};
		};
/* End XCRemoteSwiftPackageReference section */

/* Begin XCSwiftPackageProductDependency section */
		2F72B2002CA592D3007AE805 /* FirebaseAuth */ = {
			isa = XCSwiftPackageProductDependency;
			package = 2F72B1FF2CA592D3007AE805 /* XCRemoteSwiftPackageReference "firebase-ios-sdk" */;
			productName = FirebaseAuth;
		};
		2F72B2022CA592D3007AE805 /* FirebaseDatabase */ = {
			isa = XCSwiftPackageProductDependency;
			package = 2F72B1FF2CA592D3007AE805 /* XCRemoteSwiftPackageReference "firebase-ios-sdk" */;
			productName = FirebaseDatabase;
		};
		2F72B2042CA592D3007AE805 /* FirebaseFirestore */ = {
			isa = XCSwiftPackageProductDependency;
			package = 2F72B1FF2CA592D3007AE805 /* XCRemoteSwiftPackageReference "firebase-ios-sdk" */;
			productName = FirebaseFirestore;
		};
		2F72B2062CA592D3007AE805 /* FirebaseStorage */ = {
			isa = XCSwiftPackageProductDependency;
			package = 2F72B1FF2CA592D3007AE805 /* XCRemoteSwiftPackageReference "firebase-ios-sdk" */;
			productName = FirebaseStorage;
		};
		2F72B20B2CA59681007AE805 /* GoogleSignIn */ = {
			isa = XCSwiftPackageProductDependency;
			package = 2F72B20A2CA59681007AE805 /* XCRemoteSwiftPackageReference "GoogleSignIn-iOS" */;
			productName = GoogleSignIn;
		};
		2F72B20D2CA59681007AE805 /* GoogleSignInSwift */ = {
			isa = XCSwiftPackageProductDependency;
			package = 2F72B20A2CA59681007AE805 /* XCRemoteSwiftPackageReference "GoogleSignIn-iOS" */;
			productName = GoogleSignInSwift;
		};
		2FE027012C9C698E008E0AEF /* OAuthSwift */ = {
			isa = XCSwiftPackageProductDependency;
			package = 2FE027002C9C698E008E0AEF /* XCRemoteSwiftPackageReference "OAuthSwift" */;
			productName = OAuthSwift;
		};
/* End XCSwiftPackageProductDependency section */
	};
	rootObject = 2FE026E32C9C62AB008E0AEF /* Project object */;
}
